
Microsoft Visual Studio Solution File, Format Version 12.00
# Visual Studio Version 16
VisualStudioVersion = 16.0.30611.23
MinimumVisualStudioVersion = 10.0.40219.1
Project("{FAE04EC0-301F-11D3-BF4B-00C04F79EFBC}") = "firstWeb", "firstWeb\firstWeb.csproj", "{6BA19964-A49D-4D7B-9D64-999DDCF91DF1}"
EndProject
Global
	GlobalSection(SolutionConfigurationPlatforms) = preSolution
		Debug|Any CPU = Debug|Any CPU
		Release|Any CPU = Release|Any CPU
	EndGlobalSection
	GlobalSection(ProjectConfigurationPlatforms) = postSolution
		{6BA19964-A49D-4D7B-9D64-999DDCF91DF1}.Debug|Any CPU.ActiveCfg = Debug|Any CPU
		{6BA19964-A49D-4D7B-9D64-999DDCF91DF1}.Debug|Any CPU.Build.0 = Debug|Any CPU
		{6BA19964-A49D-4D7B-9D64-999DDCF91DF1}.Release|Any CPU.ActiveCfg = Release|Any CPU
		{6BA19964-A49D-4D7B-9D64-999DDCF91DF1}.Release|Any CPU.Build.0 = Release|Any CPU
	EndGlobalSection
	GlobalSection(SolutionProperties) = preSolution
		HideSolutionNode = FALSE
	EndGlobalSection
	GlobalSection(ExtensibilityGlobals) = postSolution
		SolutionGuid = {80C117C7-1054-484A-A322-AAA3E9854D88}
	EndGlobalSection
EndGlobal
